{
    "name": "ags-config",
    "version": "1.0.0",
    "lockfileVersion": 3,
    "requires": true,
    "packages": {
        "": {
            "name": "ags-config",
            "version": "1.0.0",
            "devDependencies": {
                "@girs/dbusmenugtk3-0.4": "^0.4.0-3.2.6",
                "@girs/gobject-2.0": "^2.78.0-3.2.6",
                "@girs/gtk-3.0": "^3.24.38-3.2.6",
                "@girs/gvc-1.0": "^1.0.0-3.2.6",
                "@girs/nm-1.0": "^1.45.1-3.2.6"
            }
        },
        "node_modules/@girs/atk-1.0": {
            "version": "2.50.0-3.2.7",
            "resolved": "https://registry.npmjs.org/@girs/atk-1.0/-/atk-1.0-2.50.0-3.2.7.tgz",
            "integrity": "sha512-4HBiLdINigopQksxhZCToRHPh2oUjL32ogZ/JzHqrxB+SMF3wSNS2nuyRI/RRhx0wDIrq+8H9PgQ1gzsbhxdWg==",
            "dev": true,
            "dependencies": {
                "@girs/gjs": "^3.2.7",
                "@girs/glib-2.0": "^2.78.0-3.2.7",
                "@girs/gobject-2.0": "^2.78.0-3.2.7"
            }
        },
        "node_modules/@girs/cairo-1.0": {
            "version": "1.0.0-3.2.7",
            "resolved": "https://registry.npmjs.org/@girs/cairo-1.0/-/cairo-1.0-1.0.0-3.2.7.tgz",
            "integrity": "sha512-WeAyTY8tUoVe8W1IDbxOYDczWyUotg/7sjzWPv5TXQJJAe3vZ6TfkYPSIlnQHkQ43XfWhSa0JA2s5Oitttdu0g==",
            "dev": true,
            "dependencies": {
                "@girs/gjs": "^3.2.7",
                "@girs/glib-2.0": "^2.78.0-3.2.7",
                "@girs/gobject-2.0": "^2.78.0-3.2.7"
            }
        },
        "node_modules/@girs/dbusmenu-0.4": {
            "version": "0.4.0-3.2.7",
            "resolved": "https://registry.npmjs.org/@girs/dbusmenu-0.4/-/dbusmenu-0.4-0.4.0-3.2.7.tgz",
            "integrity": "sha512-an1dfWFolB7hLvjiiaS0P9z2FcjylCiGrn3KpAr/h3AKX64ayVjYCiuVpGv/VYBrO8XjfruYKVah2jRM8qrIEQ==",
            "dev": true,
            "dependencies": {
                "@girs/gjs": "^3.2.7",
                "@girs/glib-2.0": "^2.78.0-3.2.7",
                "@girs/gobject-2.0": "^2.78.0-3.2.7"
            }
        },
        "node_modules/@girs/dbusmenugtk3-0.4": {
            "version": "0.4.0-3.2.7",
            "resolved": "https://registry.npmjs.org/@girs/dbusmenugtk3-0.4/-/dbusmenugtk3-0.4-0.4.0-3.2.7.tgz",
            "integrity": "sha512-0R2j3/nyaZmzV2IF5T0jZZFiiFGiZhS24To3ameYv2w3Ez75pcuCg2JlNbO+V3CdOsCUNmAZMowCN5HL8zavMw==",
            "dev": true,
            "dependencies": {
                "@girs/atk-1.0": "^2.50.0-3.2.7",
                "@girs/cairo-1.0": "^1.0.0-3.2.7",
                "@girs/dbusmenu-0.4": "^0.4.0-3.2.7",
                "@girs/freetype2-2.0": "^2.0.0-3.2.7",
                "@girs/gdk-3.0": "^3.24.38-3.2.7",
                "@girs/gdkpixbuf-2.0": "^2.0.0-3.2.7",
                "@girs/gio-2.0": "^2.78.0-3.2.7",
                "@girs/gjs": "^3.2.7",
                "@girs/glib-2.0": "^2.78.0-3.2.7",
                "@girs/gmodule-2.0": "^2.0.0-3.2.7",
                "@girs/gobject-2.0": "^2.78.0-3.2.7",
                "@girs/gtk-3.0": "^3.24.38-3.2.7",
                "@girs/harfbuzz-0.0": "^8.2.1-3.2.7",
                "@girs/pango-1.0": "^1.51.0-3.2.7",
                "@girs/xlib-2.0": "^2.0.0-3.2.7"
            }
        },
        "node_modules/@girs/freetype2-2.0": {
            "version": "2.0.0-3.2.7",
            "resolved": "https://registry.npmjs.org/@girs/freetype2-2.0/-/freetype2-2.0-2.0.0-3.2.7.tgz",
            "integrity": "sha512-oapcm7uCVWyL9N7VHuBOxbCWTa9QoF1EX6DFAwpGK4gwVrkjedZ4kZuxtza1gsZrkmYlWNK66H7YShFHgUWdPw==",
            "dev": true,
            "dependencies": {
                "@girs/gjs": "^3.2.7",
                "@girs/gobject-2.0": "^2.78.0-3.2.7"
            }
        },
        "node_modules/@girs/gdk-3.0": {
            "version": "3.24.38-3.2.7",
            "resolved": "https://registry.npmjs.org/@girs/gdk-3.0/-/gdk-3.0-3.24.38-3.2.7.tgz",
            "integrity": "sha512-WEQji730jgaNbQh3g0Vhuq6TvZz16ysgt+FAuNHB2I+9lKVbb8xBNg5VOe2uqRFSKQ4/Rt+RN0U36rFFyo8M6A==",
            "dev": true,
            "dependencies": {
                "@girs/cairo-1.0": "^1.0.0-3.2.7",
                "@girs/freetype2-2.0": "^2.0.0-3.2.7",
                "@girs/gdkpixbuf-2.0": "^2.0.0-3.2.7",
                "@girs/gio-2.0": "^2.78.0-3.2.7",
                "@girs/gjs": "^3.2.7",
                "@girs/glib-2.0": "^2.78.0-3.2.7",
                "@girs/gmodule-2.0": "^2.0.0-3.2.7",
                "@girs/gobject-2.0": "^2.78.0-3.2.7",
                "@girs/harfbuzz-0.0": "^8.2.1-3.2.7",
                "@girs/pango-1.0": "^1.51.0-3.2.7"
            }
        },
        "node_modules/@girs/gdkpixbuf-2.0": {
            "version": "2.0.0-3.2.7",
            "resolved": "https://registry.npmjs.org/@girs/gdkpixbuf-2.0/-/gdkpixbuf-2.0-2.0.0-3.2.7.tgz",
            "integrity": "sha512-/POHLvRlJ6QYO8Wkrj2PDQT2lYh1vJFOHcfWd/yhtr7P3WWKGqOEG5NJAg81bMG8UIZOrc00HALXfCgbAalKGg==",
            "dev": true,
            "dependencies": {
                "@girs/gio-2.0": "^2.78.0-3.2.7",
                "@girs/gjs": "^3.2.7",
                "@girs/glib-2.0": "^2.78.0-3.2.7",
                "@girs/gmodule-2.0": "^2.0.0-3.2.7",
                "@girs/gobject-2.0": "^2.78.0-3.2.7"
            }
        },
        "node_modules/@girs/gio-2.0": {
            "version": "2.78.0-3.2.7",
            "resolved": "https://registry.npmjs.org/@girs/gio-2.0/-/gio-2.0-2.78.0-3.2.7.tgz",
            "integrity": "sha512-88GNniBwxAsXrfA+T1wNUxoQk8HivDZUVq1KF3ZsomrQyRDcwCgQLcLyC6c5ZAkg6xwnHZmTIWoYgITiee/lLA==",
            "dev": true,
            "dependencies": {
                "@girs/gjs": "^3.2.7",
                "@girs/glib-2.0": "^2.78.0-3.2.7",
                "@girs/gobject-2.0": "^2.78.0-3.2.7"
            }
        },
        "node_modules/@girs/gjs": {
            "version": "3.2.7",
            "resolved": "https://registry.npmjs.org/@girs/gjs/-/gjs-3.2.7.tgz",
            "integrity": "sha512-gaZLkffVm2e5zvyyGNcDgFgyL5WaHZWUr0XBLtuKEM17/qA4udZQRif7HkW//PG8T2AQpuOfSdRj7uJrItykNw==",
            "dev": true,
            "dependencies": {
                "@girs/glib-2.0": "^2.78.0-3.2.7",
                "@girs/gobject-2.0": "^2.78.0-3.2.7"
            }
        },
        "node_modules/@girs/glib-2.0": {
            "version": "2.78.0-3.2.7",
            "resolved": "https://registry.npmjs.org/@girs/glib-2.0/-/glib-2.0-2.78.0-3.2.7.tgz",
            "integrity": "sha512-h1zGUd58VnQn93Xws91E0mwio8weBWdqDn6sm5Q0xzPmhGGH8+9h/z9JGc7YKj32PnlWrPJ8r9lxeyvO57zT6A==",
            "dev": true,
            "dependencies": {
                "@girs/gjs": "^3.2.7",
                "@girs/gobject-2.0": "^2.78.0-3.2.7"
            }
        },
        "node_modules/@girs/gmodule-2.0": {
            "version": "2.0.0-3.2.7",
            "resolved": "https://registry.npmjs.org/@girs/gmodule-2.0/-/gmodule-2.0-2.0.0-3.2.7.tgz",
            "integrity": "sha512-7B+rAZ6grSYwSOz2p4h8hSKoK5QIuSVHEM7qGUTC6qpPiLvREcaBNGJSGgAMgxtRhyXPYVsUyLhMgUokrFUC+g==",
            "dev": true,
            "dependencies": {
                "@girs/gjs": "^3.2.7",
                "@girs/glib-2.0": "^2.78.0-3.2.7",
                "@girs/gobject-2.0": "^2.78.0-3.2.7"
            }
        },
        "node_modules/@girs/gobject-2.0": {
            "version": "2.78.0-3.2.7",
            "resolved": "https://registry.npmjs.org/@girs/gobject-2.0/-/gobject-2.0-2.78.0-3.2.7.tgz",
            "integrity": "sha512-BSYxXv4NHZS7ANo0up8N9Dfl3FysIxqsUXmHAMmVkUNdNPfaRyiXnSBiFYzkFdkHQFDoQhM5+RsXz4R94ZLlsw==",
            "dev": true,
            "dependencies": {
                "@girs/gjs": "^3.2.7",
                "@girs/glib-2.0": "^2.78.0-3.2.7"
            }
        },
        "node_modules/@girs/gtk-3.0": {
            "version": "3.24.38-3.2.7",
            "resolved": "https://registry.npmjs.org/@girs/gtk-3.0/-/gtk-3.0-3.24.38-3.2.7.tgz",
            "integrity": "sha512-30abOOkD9YzURYgcKLlMs4auNgYbp8SxH5JdKfOmV0v8P5jEO+0rV8riJZn7bAQKIrl8Y5fGvqwx/yl/UVpVig==",
            "dev": true,
            "dependencies": {
                "@girs/atk-1.0": "^2.50.0-3.2.7",
                "@girs/cairo-1.0": "^1.0.0-3.2.7",
                "@girs/freetype2-2.0": "^2.0.0-3.2.7",
                "@girs/gdk-3.0": "^3.24.38-3.2.7",
                "@girs/gdkpixbuf-2.0": "^2.0.0-3.2.7",
                "@girs/gio-2.0": "^2.78.0-3.2.7",
                "@girs/gjs": "^3.2.7",
                "@girs/glib-2.0": "^2.78.0-3.2.7",
                "@girs/gmodule-2.0": "^2.0.0-3.2.7",
                "@girs/gobject-2.0": "^2.78.0-3.2.7",
                "@girs/harfbuzz-0.0": "^8.2.1-3.2.7",
                "@girs/pango-1.0": "^1.51.0-3.2.7",
                "@girs/xlib-2.0": "^2.0.0-3.2.7"
            }
        },
        "node_modules/@girs/gvc-1.0": {
            "version": "1.0.0-3.2.7",
            "resolved": "https://registry.npmjs.org/@girs/gvc-1.0/-/gvc-1.0-1.0.0-3.2.7.tgz",
            "integrity": "sha512-5B6YxXRzqo6JbZg4B8KtEOEsUhfEZYo9yESgf95lhWeUXpS6JjJFg/lQ85E/KFDQmKtAJ/UYglmLa8omVvH5DA==",
            "dev": true,
            "dependencies": {
                "@girs/gio-2.0": "^2.78.0-3.2.7",
                "@girs/gjs": "^3.2.7",
                "@girs/glib-2.0": "^2.78.0-3.2.7",
                "@girs/gobject-2.0": "^2.78.0-3.2.7"
            }
        },
        "node_modules/@girs/harfbuzz-0.0": {
            "version": "8.2.1-3.2.7",
            "resolved": "https://registry.npmjs.org/@girs/harfbuzz-0.0/-/harfbuzz-0.0-8.2.1-3.2.7.tgz",
            "integrity": "sha512-2ISw/O1eW90P2jeeFuTZRBE6+z/VWCWCaYZOMTTDaF498PGljKtuexm0e5BEzVrbayU7EgSHhqxfnfpsgI2+eQ==",
            "dev": true,
            "dependencies": {
                "@girs/freetype2-2.0": "^2.0.0-3.2.7",
                "@girs/gjs": "^3.2.7",
                "@girs/glib-2.0": "^2.78.0-3.2.7",
                "@girs/gobject-2.0": "^2.78.0-3.2.7"
            }
        },
        "node_modules/@girs/nm-1.0": {
            "version": "1.45.1-3.2.7",
            "resolved": "https://registry.npmjs.org/@girs/nm-1.0/-/nm-1.0-1.45.1-3.2.7.tgz",
            "integrity": "sha512-UCES5B76liszdKvHgFPRSThGHENxBCXb/QurNkJyqPRB6QvIC7NpenRX0oig3S62LbPNFCUNskGMw8Yt3pZwtg==",
            "dev": true,
            "dependencies": {
                "@girs/gio-2.0": "^2.78.0-3.2.7",
                "@girs/gjs": "^3.2.7",
                "@girs/glib-2.0": "^2.78.0-3.2.7",
                "@girs/gobject-2.0": "^2.78.0-3.2.7"
            }
        },
        "node_modules/@girs/pango-1.0": {
            "version": "1.51.0-3.2.7",
            "resolved": "https://registry.npmjs.org/@girs/pango-1.0/-/pango-1.0-1.51.0-3.2.7.tgz",
            "integrity": "sha512-wxVVMrZnaWkgBmvTM4rWE20whh0CTRiXINgmK9V2NOdJHUUD3HqIvRxChG6YJmXQcb9h4Gcgpr+OyP34IgP2Sg==",
            "dev": true,
            "dependencies": {
                "@girs/cairo-1.0": "^1.0.0-3.2.7",
                "@girs/freetype2-2.0": "^2.0.0-3.2.7",
                "@girs/gio-2.0": "^2.78.0-3.2.7",
                "@girs/gjs": "^3.2.7",
                "@girs/glib-2.0": "^2.78.0-3.2.7",
                "@girs/gobject-2.0": "^2.78.0-3.2.7",
                "@girs/harfbuzz-0.0": "^8.2.1-3.2.7"
            }
        },
        "node_modules/@girs/xlib-2.0": {
            "version": "2.0.0-3.2.7",
            "resolved": "https://registry.npmjs.org/@girs/xlib-2.0/-/xlib-2.0-2.0.0-3.2.7.tgz",
            "integrity": "sha512-c4+y9V1BN7u0o2ijVuvT9WzEt7IvSJW/Dt4N7qQdTWfLnsQABPMnLuKQsZ6GRqPWBt+JBH0sOSR0tHBMLATC0g==",
            "dev": true,
            "dependencies": {
                "@girs/gjs": "^3.2.7",
                "@girs/gobject-2.0": "^2.78.0-3.2.7"
            }
        }
    }
}
